
Microsoft Visual Studio Solution File, Format Version 12.00
# Visual Studio Version 16
VisualStudioVersion = 16.0.31009.191
MinimumVisualStudioVersion = 10.0.40219.1
Project("{8BC9CEB8-8B4A-11D0-8D11-00A0C91BC942}") = "C1", "C1.vcxproj", "{6C52A09E-831D-4C7C-9387-45CE155D9218}"
EndProject
Global
	GlobalSection(SolutionConfigurationPlatforms) = preSolution
		Debug|x64 = Debug|x64
		Debug|x86 = Debug|x86
		Release|x64 = Release|x64
		Release|x86 = Release|x86
	EndGlobalSection
	GlobalSection(ProjectConfigurationPlatforms) = postSolution
		{6C52A09E-831D-4C7C-9387-45CE155D9218}.Debug|x64.ActiveCfg = Debug|x64
		{6C52A09E-831D-4C7C-9387-45CE155D9218}.Debug|x64.Build.0 = Debug|x64
		{6C52A09E-831D-4C7C-9387-45CE155D9218}.Debug|x86.ActiveCfg = Debug|Win32
		{6C52A09E-831D-4C7C-9387-45CE155D9218}.Debug|x86.Build.0 = Debug|Win32
		{6C52A09E-831D-4C7C-9387-45CE155D9218}.Release|x64.ActiveCfg = Release|x64
		{6C52A09E-831D-4C7C-9387-45CE155D9218}.Release|x64.Build.0 = Release|x64
		{6C52A09E-831D-4C7C-9387-45CE155D9218}.Release|x86.ActiveCfg = Release|Win32
		{6C52A09E-831D-4C7C-9387-45CE155D9218}.Release|x86.Build.0 = Release|Win32
	EndGlobalSection
	GlobalSection(SolutionProperties) = preSolution
		HideSolutionNode = FALSE
	EndGlobalSection
	GlobalSection(ExtensibilityGlobals) = postSolution
		SolutionGuid = {67D640F9-D60F-44D6-8EEE-0D6B71BCF5B9}
	EndGlobalSection
EndGlobal
